
Microsoft Visual Studio Solution File, Format Version 12.00
# Visual Studio Version 17
VisualStudioVersion = 17.8.34330.188
MinimumVisualStudioVersion = 10.0.40219.1
Project("{FAE04EC0-301F-11D3-BF4B-00C04F79EFBC}") = "MVC", "MVC\MVC.csproj", "{76F2B49E-9515-482A-B6A6-2564F25C90A6}"
EndProject
Project("{FAE04EC0-301F-11D3-BF4B-00C04F79EFBC}") = "MVC.Tests", "MVC.Tests\MVC.Tests.csproj", "{A3998928-21DC-44FF-96FE-C3D0FF0D9789}"
EndProject
Global
	GlobalSection(SolutionConfigurationPlatforms) = preSolution
		Debug|Any CPU = Debug|Any CPU
		Release|Any CPU = Release|Any CPU
	EndGlobalSection
	GlobalSection(ProjectConfigurationPlatforms) = postSolution
		{76F2B49E-9515-482A-B6A6-2564F25C90A6}.Debug|Any CPU.ActiveCfg = Debug|Any CPU
		{76F2B49E-9515-482A-B6A6-2564F25C90A6}.Debug|Any CPU.Build.0 = Debug|Any CPU
		{76F2B49E-9515-482A-B6A6-2564F25C90A6}.Release|Any CPU.ActiveCfg = Release|Any CPU
		{76F2B49E-9515-482A-B6A6-2564F25C90A6}.Release|Any CPU.Build.0 = Release|Any CPU
		{A3998928-21DC-44FF-96FE-C3D0FF0D9789}.Debug|Any CPU.ActiveCfg = Debug|Any CPU
		{A3998928-21DC-44FF-96FE-C3D0FF0D9789}.Debug|Any CPU.Build.0 = Debug|Any CPU
		{A3998928-21DC-44FF-96FE-C3D0FF0D9789}.Release|Any CPU.ActiveCfg = Release|Any CPU
		{A3998928-21DC-44FF-96FE-C3D0FF0D9789}.Release|Any CPU.Build.0 = Release|Any CPU
	EndGlobalSection
	GlobalSection(SolutionProperties) = preSolution
		HideSolutionNode = FALSE
	EndGlobalSection
	GlobalSection(ExtensibilityGlobals) = postSolution
		SolutionGuid = {D0FCA251-509D-42AF-99B0-D2E5AF235E29}
	EndGlobalSection
EndGlobal
